# This file was autogenerated by Stack.
# You should not edit this file by hand.
# For more information, please see the documentation at:
#   https://docs.haskellstack.org/en/stable/lock_files

snapshots:
- original: lts-18.16
  completed:
    url: https://raw.githubusercontent.com/commercialhaskell/stackage-snapshots/master/lts/18/16.yaml
    sha256: cdead65fca0323144b346c94286186f4969bf85594d649c49c7557295675d8a5
    size: 586286
packages:
- original:
    url: https://github.com/xmonad/xmonad/archive/master.tar.gz
  completed:
    pantry-tree:
      sha256: 2e5d03d2bb2f828c3d2d94b37e6d9e016b8879250031e81496e6e3352eae41ef
      size: 3649
    version: 0.17.0.9
    name: xmonad
    url: https://github.com/xmonad/xmonad/archive/master.tar.gz
    sha256: b5d4e76451b8065dd5ace62aa029bbc3ef992394d23bb5573ad04b1d2396d8c6
    size: 104109
- original:
    url: https://github.com/xmonad/xmonad-contrib/archive/master.tar.gz
  completed:
    pantry-tree:
      sha256: 3408f59714f10fa801071b46d7b1c459ab31ed5c759c45568ec42d548c1f41da
      size: 23209
    version: 0.17.0.9
    name: xmonad-contrib
    url: https://github.com/xmonad/xmonad-contrib/archive/master.tar.gz
    sha256: 0134b48a0c13a51bd32288ff84d148173a05e89c7010abbb9969e6e4334659d7
    size: 630490
